
Microsoft Visual Studio Solution File, Format Version 12.00
# Visual Studio 15
VisualStudioVersion = 15.0.28307.168
MinimumVisualStudioVersion = 10.0.40219.1
Project("{9A19103F-16F7-4668-BE54-9A1E7A4F7556}") = "XamarinAnimations.Translations", "src\XamarinAnimations.Translations\XamarinAnimations.Translations.csproj", "{51EEA31B-9773-42AF-9955-577B93D67CC7}"
EndProject
Project("{FAE04EC0-301F-11D3-BF4B-00C04F79EFBC}") = "XamarinAnimations.Translations.Android", "src\XamarinAnimations.Translations.Android\XamarinAnimations.Translations.Android.csproj", "{36C847A8-EB7E-4BA9-86DD-AA8757E7E8F9}"
EndProject
Project("{FAE04EC0-301F-11D3-BF4B-00C04F79EFBC}") = "XamarinAnimations.Translations.iOS", "src\XamarinAnimations.Translations.iOS\XamarinAnimations.Translations.iOS.csproj", "{020B78F3-8524-456D-B011-6F5EE232318A}"
EndProject
Global
	GlobalSection(SolutionConfigurationPlatforms) = preSolution
		Ad-Hoc|Any CPU = Ad-Hoc|Any CPU
		Ad-Hoc|iPhone = Ad-Hoc|iPhone
		Ad-Hoc|iPhoneSimulator = Ad-Hoc|iPhoneSimulator
		AppStore|Any CPU = AppStore|Any CPU
		AppStore|iPhone = AppStore|iPhone
		AppStore|iPhoneSimulator = AppStore|iPhoneSimulator
		Debug|Any CPU = Debug|Any CPU
		Debug|iPhone = Debug|iPhone
		Debug|iPhoneSimulator = Debug|iPhoneSimulator
		Release|Any CPU = Release|Any CPU
		Release|iPhone = Release|iPhone
		Release|iPhoneSimulator = Release|iPhoneSimulator
	EndGlobalSection
	GlobalSection(ProjectConfigurationPlatforms) = postSolution
		{51EEA31B-9773-42AF-9955-577B93D67CC7}.Ad-Hoc|Any CPU.ActiveCfg = Debug|Any CPU
		{51EEA31B-9773-42AF-9955-577B93D67CC7}.Ad-Hoc|Any CPU.Build.0 = Debug|Any CPU
		{51EEA31B-9773-42AF-9955-577B93D67CC7}.Ad-Hoc|iPhone.ActiveCfg = Debug|Any CPU
		{51EEA31B-9773-42AF-9955-577B93D67CC7}.Ad-Hoc|iPhone.Build.0 = Debug|Any CPU
		{51EEA31B-9773-42AF-9955-577B93D67CC7}.Ad-Hoc|iPhoneSimulator.ActiveCfg = Debug|Any CPU
		{51EEA31B-9773-42AF-9955-577B93D67CC7}.Ad-Hoc|iPhoneSimulator.Build.0 = Debug|Any CPU
		{51EEA31B-9773-42AF-9955-577B93D67CC7}.AppStore|Any CPU.ActiveCfg = Debug|Any CPU
		{51EEA31B-9773-42AF-9955-577B93D67CC7}.AppStore|Any CPU.Build.0 = Debug|Any CPU
		{51EEA31B-9773-42AF-9955-577B93D67CC7}.AppStore|iPhone.ActiveCfg = Debug|Any CPU
		{51EEA31B-9773-42AF-9955-577B93D67CC7}.AppStore|iPhone.Build.0 = Debug|Any CPU
		{51EEA31B-9773-42AF-9955-577B93D67CC7}.AppStore|iPhoneSimulator.ActiveCfg = Debug|Any CPU
		{51EEA31B-9773-42AF-9955-577B93D67CC7}.AppStore|iPhoneSimulator.Build.0 = Debug|Any CPU
		{51EEA31B-9773-42AF-9955-577B93D67CC7}.Debug|Any CPU.ActiveCfg = Debug|Any CPU
		{51EEA31B-9773-42AF-9955-577B93D67CC7}.Debug|Any CPU.Build.0 = Debug|Any CPU
		{51EEA31B-9773-42AF-9955-577B93D67CC7}.Debug|iPhone.ActiveCfg = Debug|Any CPU
		{51EEA31B-9773-42AF-9955-577B93D67CC7}.Debug|iPhone.Build.0 = Debug|Any CPU
		{51EEA31B-9773-42AF-9955-577B93D67CC7}.Debug|iPhoneSimulator.ActiveCfg = Debug|Any CPU
		{51EEA31B-9773-42AF-9955-577B93D67CC7}.Debug|iPhoneSimulator.Build.0 = Debug|Any CPU
		{51EEA31B-9773-42AF-9955-577B93D67CC7}.Release|Any CPU.ActiveCfg = Release|Any CPU
		{51EEA31B-9773-42AF-9955-577B93D67CC7}.Release|Any CPU.Build.0 = Release|Any CPU
		{51EEA31B-9773-42AF-9955-577B93D67CC7}.Release|iPhone.ActiveCfg = Release|Any CPU
		{51EEA31B-9773-42AF-9955-577B93D67CC7}.Release|iPhone.Build.0 = Release|Any CPU
		{51EEA31B-9773-42AF-9955-577B93D67CC7}.Release|iPhoneSimulator.ActiveCfg = Release|Any CPU
		{51EEA31B-9773-42AF-9955-577B93D67CC7}.Release|iPhoneSimulator.Build.0 = Release|Any CPU
		{36C847A8-EB7E-4BA9-86DD-AA8757E7E8F9}.Ad-Hoc|Any CPU.ActiveCfg = Release|Any CPU
		{36C847A8-EB7E-4BA9-86DD-AA8757E7E8F9}.Ad-Hoc|Any CPU.Build.0 = Release|Any CPU
		{36C847A8-EB7E-4BA9-86DD-AA8757E7E8F9}.Ad-Hoc|Any CPU.Deploy.0 = Release|Any CPU
		{36C847A8-EB7E-4BA9-86DD-AA8757E7E8F9}.Ad-Hoc|iPhone.ActiveCfg = Release|Any CPU
		{36C847A8-EB7E-4BA9-86DD-AA8757E7E8F9}.Ad-Hoc|iPhone.Build.0 = Release|Any CPU
		{36C847A8-EB7E-4BA9-86DD-AA8757E7E8F9}.Ad-Hoc|iPhone.Deploy.0 = Release|Any CPU
		{36C847A8-EB7E-4BA9-86DD-AA8757E7E8F9}.Ad-Hoc|iPhoneSimulator.ActiveCfg = Release|Any CPU
		{36C847A8-EB7E-4BA9-86DD-AA8757E7E8F9}.Ad-Hoc|iPhoneSimulator.Build.0 = Release|Any CPU
		{36C847A8-EB7E-4BA9-86DD-AA8757E7E8F9}.Ad-Hoc|iPhoneSimulator.Deploy.0 = Release|Any CPU
		{36C847A8-EB7E-4BA9-86DD-AA8757E7E8F9}.AppStore|Any CPU.ActiveCfg = Release|Any CPU
		{36C847A8-EB7E-4BA9-86DD-AA8757E7E8F9}.AppStore|Any CPU.Build.0 = Release|Any CPU
		{36C847A8-EB7E-4BA9-86DD-AA8757E7E8F9}.AppStore|Any CPU.Deploy.0 = Release|Any CPU
		{36C847A8-EB7E-4BA9-86DD-AA8757E7E8F9}.AppStore|iPhone.ActiveCfg = Release|Any CPU
		{36C847A8-EB7E-4BA9-86DD-AA8757E7E8F9}.AppStore|iPhone.Build.0 = Release|Any CPU
		{36C847A8-EB7E-4BA9-86DD-AA8757E7E8F9}.AppStore|iPhone.Deploy.0 = Release|Any CPU
		{36C847A8-EB7E-4BA9-86DD-AA8757E7E8F9}.AppStore|iPhoneSimulator.ActiveCfg = Release|Any CPU
		{36C847A8-EB7E-4BA9-86DD-AA8757E7E8F9}.AppStore|iPhoneSimulator.Build.0 = Release|Any CPU
		{36C847A8-EB7E-4BA9-86DD-AA8757E7E8F9}.AppStore|iPhoneSimulator.Deploy.0 = Release|Any CPU
		{36C847A8-EB7E-4BA9-86DD-AA8757E7E8F9}.Debug|Any CPU.ActiveCfg = Debug|Any CPU
		{36C847A8-EB7E-4BA9-86DD-AA8757E7E8F9}.Debug|Any CPU.Build.0 = Debug|Any CPU
		{36C847A8-EB7E-4BA9-86DD-AA8757E7E8F9}.Debug|Any CPU.Deploy.0 = Debug|Any CPU
		{36C847A8-EB7E-4BA9-86DD-AA8757E7E8F9}.Debug|iPhone.ActiveCfg = Debug|Any CPU
		{36C847A8-EB7E-4BA9-86DD-AA8757E7E8F9}.Debug|iPhone.Build.0 = Debug|Any CPU
		{36C847A8-EB7E-4BA9-86DD-AA8757E7E8F9}.Debug|iPhone.Deploy.0 = Debug|Any CPU
		{36C847A8-EB7E-4BA9-86DD-AA8757E7E8F9}.Debug|iPhoneSimulator.ActiveCfg = Debug|Any CPU
		{36C847A8-EB7E-4BA9-86DD-AA8757E7E8F9}.Debug|iPhoneSimulator.Build.0 = Debug|Any CPU
		{36C847A8-EB7E-4BA9-86DD-AA8757E7E8F9}.Debug|iPhoneSimulator.Deploy.0 = Debug|Any CPU
		{36C847A8-EB7E-4BA9-86DD-AA8757E7E8F9}.Release|Any CPU.ActiveCfg = Release|Any CPU
		{36C847A8-EB7E-4BA9-86DD-AA8757E7E8F9}.Release|Any CPU.Build.0 = Release|Any CPU
		{36C847A8-EB7E-4BA9-86DD-AA8757E7E8F9}.Release|Any CPU.Deploy.0 = Release|Any CPU
		{36C847A8-EB7E-4BA9-86DD-AA8757E7E8F9}.Release|iPhone.ActiveCfg = Release|Any CPU
		{36C847A8-EB7E-4BA9-86DD-AA8757E7E8F9}.Release|iPhone.Build.0 = Release|Any CPU
		{36C847A8-EB7E-4BA9-86DD-AA8757E7E8F9}.Release|iPhone.Deploy.0 = Release|Any CPU
		{36C847A8-EB7E-4BA9-86DD-AA8757E7E8F9}.Release|iPhoneSimulator.ActiveCfg = Release|Any CPU
		{36C847A8-EB7E-4BA9-86DD-AA8757E7E8F9}.Release|iPhoneSimulator.Build.0 = Release|Any CPU
		{36C847A8-EB7E-4BA9-86DD-AA8757E7E8F9}.Release|iPhoneSimulator.Deploy.0 = Release|Any CPU
		{020B78F3-8524-456D-B011-6F5EE232318A}.Ad-Hoc|Any CPU.ActiveCfg = Ad-Hoc|iPhone
		{020B78F3-8524-456D-B011-6F5EE232318A}.Ad-Hoc|iPhone.ActiveCfg = Ad-Hoc|iPhone
		{020B78F3-8524-456D-B011-6F5EE232318A}.Ad-Hoc|iPhone.Build.0 = Ad-Hoc|iPhone
		{020B78F3-8524-456D-B011-6F5EE232318A}.Ad-Hoc|iPhoneSimulator.ActiveCfg = Ad-Hoc|iPhoneSimulator
		{020B78F3-8524-456D-B011-6F5EE232318A}.Ad-Hoc|iPhoneSimulator.Build.0 = Ad-Hoc|iPhoneSimulator
		{020B78F3-8524-456D-B011-6F5EE232318A}.AppStore|Any CPU.ActiveCfg = AppStore|iPhone
		{020B78F3-8524-456D-B011-6F5EE232318A}.AppStore|iPhone.ActiveCfg = AppStore|iPhone
		{020B78F3-8524-456D-B011-6F5EE232318A}.AppStore|iPhone.Build.0 = AppStore|iPhone
		{020B78F3-8524-456D-B011-6F5EE232318A}.AppStore|iPhoneSimulator.ActiveCfg = AppStore|iPhoneSimulator
		{020B78F3-8524-456D-B011-6F5EE232318A}.AppStore|iPhoneSimulator.Build.0 = AppStore|iPhoneSimulator
		{020B78F3-8524-456D-B011-6F5EE232318A}.Debug|Any CPU.ActiveCfg = Debug|iPhone
		{020B78F3-8524-456D-B011-6F5EE232318A}.Debug|iPhone.ActiveCfg = Debug|iPhone
		{020B78F3-8524-456D-B011-6F5EE232318A}.Debug|iPhone.Build.0 = Debug|iPhone
		{020B78F3-8524-456D-B011-6F5EE232318A}.Debug|iPhoneSimulator.ActiveCfg = Debug|iPhoneSimulator
		{020B78F3-8524-456D-B011-6F5EE232318A}.Debug|iPhoneSimulator.Build.0 = Debug|iPhoneSimulator
		{020B78F3-8524-456D-B011-6F5EE232318A}.Release|Any CPU.ActiveCfg = Release|iPhone
		{020B78F3-8524-456D-B011-6F5EE232318A}.Release|iPhone.ActiveCfg = Release|iPhone
		{020B78F3-8524-456D-B011-6F5EE232318A}.Release|iPhone.Build.0 = Release|iPhone
		{020B78F3-8524-456D-B011-6F5EE232318A}.Release|iPhoneSimulator.ActiveCfg = Release|iPhoneSimulator
		{020B78F3-8524-456D-B011-6F5EE232318A}.Release|iPhoneSimulator.Build.0 = Release|iPhoneSimulator
	EndGlobalSection
	GlobalSection(SolutionProperties) = preSolution
		HideSolutionNode = FALSE
	EndGlobalSection
	GlobalSection(ExtensibilityGlobals) = postSolution
		SolutionGuid = {208AFB08-E6E9-4107-A7F6-420C9237EF73}
	EndGlobalSection
EndGlobal
